
Microsoft Visual Studio Solution File, Format Version 12.00
# Visual Studio Version 17
VisualStudioVersion = 17.6.33815.320
MinimumVisualStudioVersion = 10.0.40219.1
Project("{FAE04EC0-301F-11D3-BF4B-00C04F79EFBC}") = "MySharedLibrary", "MySharedLibrary\MySharedLibrary.csproj", "{1D999235-EDD1-4C08-BC47-6E229B012425}"
EndProject
Global
	GlobalSection(SolutionConfigurationPlatforms) = preSolution
		Debug|Any CPU = Debug|Any CPU
		Release|Any CPU = Release|Any CPU
	EndGlobalSection
	GlobalSection(ProjectConfigurationPlatforms) = postSolution
		{1D999235-EDD1-4C08-BC47-6E229B012425}.Debug|Any CPU.ActiveCfg = Debug|Any CPU
		{1D999235-EDD1-4C08-BC47-6E229B012425}.Debug|Any CPU.Build.0 = Debug|Any CPU
		{1D999235-EDD1-4C08-BC47-6E229B012425}.Release|Any CPU.ActiveCfg = Release|Any CPU
		{1D999235-EDD1-4C08-BC47-6E229B012425}.Release|Any CPU.Build.0 = Release|Any CPU
	EndGlobalSection
	GlobalSection(SolutionProperties) = preSolution
		HideSolutionNode = FALSE
	EndGlobalSection
	GlobalSection(ExtensibilityGlobals) = postSolution
		SolutionGuid = {4CDC9F2A-9433-47BC-8473-F5CBC008E9A6}
	EndGlobalSection
EndGlobal
